
Microsoft Visual Studio Solution File, Format Version 12.00
# Visual Studio Version 16
VisualStudioVersion = 16.0.31105.61
MinimumVisualStudioVersion = 10.0.40219.1
Project("{F184B08F-C81C-45F6-A57F-5ABD9991F28F}") = "PROYECTO FINAL", "PROYECTO FINAL.vbproj", "{C4242A0E-BB43-4B9E-845E-2F0818E583B8}"
EndProject
Global
	GlobalSection(SolutionConfigurationPlatforms) = preSolution
		Debug|Any CPU = Debug|Any CPU
		Release|Any CPU = Release|Any CPU
	EndGlobalSection
	GlobalSection(ProjectConfigurationPlatforms) = postSolution
		{C4242A0E-BB43-4B9E-845E-2F0818E583B8}.Debug|Any CPU.ActiveCfg = Debug|Any CPU
		{C4242A0E-BB43-4B9E-845E-2F0818E583B8}.Debug|Any CPU.Build.0 = Debug|Any CPU
		{C4242A0E-BB43-4B9E-845E-2F0818E583B8}.Release|Any CPU.ActiveCfg = Release|Any CPU
		{C4242A0E-BB43-4B9E-845E-2F0818E583B8}.Release|Any CPU.Build.0 = Release|Any CPU
	EndGlobalSection
	GlobalSection(SolutionProperties) = preSolution
		HideSolutionNode = FALSE
	EndGlobalSection
	GlobalSection(ExtensibilityGlobals) = postSolution
		SolutionGuid = {330EDE35-74C1-40CC-8753-D3393F84CD26}
	EndGlobalSection
EndGlobal
